
Microsoft Visual Studio Solution File, Format Version 12.00
# Visual Studio Version 17
VisualStudioVersion = 17.2.32630.192
MinimumVisualStudioVersion = 10.0.40219.1
Project("{FAE04EC0-301F-11D3-BF4B-00C04F79EFBC}") = "Infodev_Training", "Infodev_Training\Infodev_Training.csproj", "{BD079DC0-21DD-45A5-A25F-6ED4F2D6E43A}"
EndProject
Global
	GlobalSection(SolutionConfigurationPlatforms) = preSolution
		Debug|Any CPU = Debug|Any CPU
		Release|Any CPU = Release|Any CPU
	EndGlobalSection
	GlobalSection(ProjectConfigurationPlatforms) = postSolution
		{BD079DC0-21DD-45A5-A25F-6ED4F2D6E43A}.Debug|Any CPU.ActiveCfg = Debug|Any CPU
		{BD079DC0-21DD-45A5-A25F-6ED4F2D6E43A}.Debug|Any CPU.Build.0 = Debug|Any CPU
		{BD079DC0-21DD-45A5-A25F-6ED4F2D6E43A}.Release|Any CPU.ActiveCfg = Release|Any CPU
		{BD079DC0-21DD-45A5-A25F-6ED4F2D6E43A}.Release|Any CPU.Build.0 = Release|Any CPU
	EndGlobalSection
	GlobalSection(SolutionProperties) = preSolution
		HideSolutionNode = FALSE
	EndGlobalSection
	GlobalSection(ExtensibilityGlobals) = postSolution
		SolutionGuid = {79A3BD50-94AF-42F6-A3B8-A9460CAD3B20}
	EndGlobalSection
EndGlobal
