
Microsoft Visual Studio Solution File, Format Version 12.00
# Visual Studio Version 17
VisualStudioVersion = 17.2.32630.192
MinimumVisualStudioVersion = 10.0.40219.1
Project("{FAE04EC0-301F-11D3-BF4B-00C04F79EFBC}") = "Hall Management System", "Hall Management System\Hall Management System.csproj", "{FD0C444A-BB87-4189-8415-B53E99581D62}"
EndProject
Project("{FAE04EC0-301F-11D3-BF4B-00C04F79EFBC}") = "HallManagementSystem.Database", "HallManagementSystem.Database\HallManagementSystem.Database.csproj", "{9C265FF4-D90E-4B61-B93E-589FA321A7B1}"
EndProject
Project("{FAE04EC0-301F-11D3-BF4B-00C04F79EFBC}") = "HallManagementSystem.Repo", "HallManagementSystem.Repo\HallManagementSystem.Repo.csproj", "{EC4FA7EA-8BD6-4B90-8CE9-D4449359D49D}"
EndProject
Global
	GlobalSection(SolutionConfigurationPlatforms) = preSolution
		Debug|Any CPU = Debug|Any CPU
		Release|Any CPU = Release|Any CPU
	EndGlobalSection
	GlobalSection(ProjectConfigurationPlatforms) = postSolution
		{FD0C444A-BB87-4189-8415-B53E99581D62}.Debug|Any CPU.ActiveCfg = Debug|Any CPU
		{FD0C444A-BB87-4189-8415-B53E99581D62}.Debug|Any CPU.Build.0 = Debug|Any CPU
		{FD0C444A-BB87-4189-8415-B53E99581D62}.Release|Any CPU.ActiveCfg = Release|Any CPU
		{FD0C444A-BB87-4189-8415-B53E99581D62}.Release|Any CPU.Build.0 = Release|Any CPU
		{9C265FF4-D90E-4B61-B93E-589FA321A7B1}.Debug|Any CPU.ActiveCfg = Debug|Any CPU
		{9C265FF4-D90E-4B61-B93E-589FA321A7B1}.Debug|Any CPU.Build.0 = Debug|Any CPU
		{9C265FF4-D90E-4B61-B93E-589FA321A7B1}.Release|Any CPU.ActiveCfg = Release|Any CPU
		{9C265FF4-D90E-4B61-B93E-589FA321A7B1}.Release|Any CPU.Build.0 = Release|Any CPU
		{EC4FA7EA-8BD6-4B90-8CE9-D4449359D49D}.Debug|Any CPU.ActiveCfg = Debug|Any CPU
		{EC4FA7EA-8BD6-4B90-8CE9-D4449359D49D}.Debug|Any CPU.Build.0 = Debug|Any CPU
		{EC4FA7EA-8BD6-4B90-8CE9-D4449359D49D}.Release|Any CPU.ActiveCfg = Release|Any CPU
		{EC4FA7EA-8BD6-4B90-8CE9-D4449359D49D}.Release|Any CPU.Build.0 = Release|Any CPU
	EndGlobalSection
	GlobalSection(SolutionProperties) = preSolution
		HideSolutionNode = FALSE
	EndGlobalSection
	GlobalSection(ExtensibilityGlobals) = postSolution
		SolutionGuid = {7B3FF363-DC8F-4AE9-BD7A-78368183BE63}
	EndGlobalSection
EndGlobal
